// !$*UTF8*$!
{
	archiveVersion = 1;
	classes = {
	};
	objectVersion = 46;
	objects = {

/* Begin PBXBuildFile section */
		4FDD4F281EAC8A4C00CA955B /* AppDelegate.swift in Sources */ = {isa = PBXBuildFile; fileRef = 4FDD4F271EAC8A4C00CA955B /* AppDelegate.swift */; };
		4FDD4F2A1EAC8A4C00CA955B /* ViewController.swift in Sources */ = {isa = PBXBuildFile; fileRef = 4FDD4F291EAC8A4C00CA955B /* ViewController.swift */; };
		4FDD4F2D1EAC8A4C00CA955B /* Main.storyboard in Resources */ = {isa = PBXBuildFile; fileRef = 4FDD4F2B1EAC8A4C00CA955B /* Main.storyboard */; };
		4FDD4F2F1EAC8A4C00CA955B /* Assets.xcassets in Resources */ = {isa = PBXBuildFile; fileRef = 4FDD4F2E1EAC8A4C00CA955B /* Assets.xcassets */; };
		4FDD4F321EAC8A4C00CA955B /* LaunchScreen.storyboard in Resources */ = {isa = PBXBuildFile; fileRef = 4FDD4F301EAC8A4C00CA955B /* LaunchScreen.storyboard */; };
/* End PBXBuildFile section */

/* Begin PBXFileReference section */
		4FDD4F241EAC8A4C00CA955B /* SwiftVideo.app */ = {isa = PBXFileReference; explicitFileType = wrapper.application; includeInIndex = 0; path = SwiftVideo.app; sourceTree = BUILT_PRODUCTS_DIR; };
		4FDD4F271EAC8A4C00CA955B /* AppDelegate.swift */ = {isa = PBXFileReference; lastKnownFileType = sourcecode.swift; path = AppDelegate.swift; sourceTree = "<group>"; };
		4FDD4F291EAC8A4C00CA955B /* ViewController.swift */ = {isa = PBXFileReference; lastKnownFileType = sourcecode.swift; path = ViewController.swift; sourceTree = "<group>"; };
		4FDD4F2C1EAC8A4C00CA955B /* Base */ = {isa = PBXFileReference; lastKnownFileType = file.storyboard; name = Base; path = Base.lproj/Main.storyboard; sourceTree = "<group>"; };
		4FDD4F2E1EAC8A4C00CA955B /* Assets.xcassets */ = {isa = PBXFileReference; lastKnownFileType = folder.assetcatalog; path = Assets.xcassets; sourceTree = "<group>"; };
		4FDD4F311EAC8A4C00CA955B /* Base */ = {isa = PBXFileReference; lastKnownFileType = file.storyboard; name = Base; path = Base.lproj/LaunchScreen.storyboard; sourceTree = "<group>"; };
		4FDD4F331EAC8A4C00CA955B /* Info.plist */ = {isa = PBXFileReference; lastKnownFileType = text.plist.xml; path = Info.plist; sourceTree = "<group>"; };
/* End PBXFileReference section */

/* Begin PBXFrameworksBuildPhase section */
		4FDD4F211EAC8A4C00CA955B /* Frameworks */ = {
			isa = PBXFrameworksBuildPhase;
			buildActionMask = 2147483647;
			files = (
			);
			runOnlyForDeploymentPostprocessing = 0;
		};
/* End PBXFrameworksBuildPhase section */

/* Begin PBXGroup section */
		4FDD4F1B1EAC8A4C00CA955B = {
			isa = PBXGroup;
			children = (
				4FDD4F261EAC8A4C00CA955B /* SwiftVideo */,
				4FDD4F251EAC8A4C00CA955B /* Products */,
			);
			sourceTree = "<group>";
		};
		4FDD4F251EAC8A4C00CA955B /* Products */ = {
			isa = PBXGroup;
			children = (
				4FDD4F241EAC8A4C00CA955B /* SwiftVideo.app */,
			);
			name = Products;
			sourceTree = "<group>";
		};
		4FDD4F261EAC8A4C00CA955B /* SwiftVideo */ = {
			isa = PBXGroup;
			children = (
				4FDD4F271EAC8A4C00CA955B /* AppDelegate.swift */,
				4FDD4F291EAC8A4C00CA955B /* ViewController.swift */,
				4FDD4F2B1EAC8A4C00CA955B /* Main.storyboard */,
				4FDD4F2E1EAC8A4C00CA955B /* Assets.xcassets */,
				4FDD4F301EAC8A4C00CA955B /* LaunchScreen.storyboard */,
				4FDD4F331EAC8A4C00CA955B /* Info.plist */,
			);
			path = SwiftVideo;
			sourceTree = "<group>";
		};
/* End PBXGroup section */

/* Begin PBXNativeTarget section */
		4FDD4F231EAC8A4C00CA955B /* SwiftVideo */ = {
			isa = PBXNativeTarget;
			buildConfigurationList = 4FDD4F361EAC8A4C00CA955B /* Build configuration list for PBXNativeTarget "SwiftVideo" */;
			buildPhases = (
				4FDD4F201EAC8A4C00CA955B /* Sources */,
				4FDD4F211EAC8A4C00CA955B /* Frameworks */,
				4FDD4F221EAC8A4C00CA955B /* Resources */,
			);
			buildRules = (
			);
			dependencies = (
			);
			name = SwiftVideo;
			productName = SwiftVideo;
			productReference = 4FDD4F241EAC8A4C00CA955B /* SwiftVideo.app */;
			productType = "com.apple.product-type.application";
		};
/* End PBXNativeTarget section */

/* Begin PBXProject section */
		4FDD4F1C1EAC8A4C00CA955B /* Project object */ = {
			isa = PBXProject;
			attributes = {
				LastSwiftUpdateCheck = 0830;
				LastUpgradeCheck = 0830;
				ORGANIZATIONNAME = RM;
				TargetAttributes = {
					4FDD4F231EAC8A4C00CA955B = {
						CreatedOnToolsVersion = 8.3.1;
						DevelopmentTeam = W4X3VBHDY6;
						ProvisioningStyle = Automatic;
					};
				};
			};
			buildConfigurationList = 4FDD4F1F1EAC8A4C00CA955B /* Build configuration list for PBXProject "SwiftVideo" */;
			compatibilityVersion = "Xcode 3.2";
			developmentRegion = English;
			hasScannedForEncodings = 0;
			knownRegions = (
				en,
				Base,
			);
			mainGroup = 4FDD4F1B1EAC8A4C00CA955B;
			productRefGroup = 4FDD4F251EAC8A4C00CA955B /* Products */;
			projectDirPath = "";
			projectRoot = "";
			targets = (
				4FDD4F231EAC8A4C00CA955B /* SwiftVideo */,
			);
		};
/* End PBXProject section */

/* Begin PBXResourcesBuildPhase section */
		4FDD4F221EAC8A4C00CA955B /* Resources */ = {
			isa = PBXResourcesBuildPhase;
			buildActionMask = 2147483647;
			files = (
				4FDD4F321EAC8A4C00CA955B /* LaunchScreen.storyboard in Resources */,
				4FDD4F2F1EAC8A4C00CA955B /* Assets.xcassets in Resources */,
				4FDD4F2D1EAC8A4C00CA955B /* Main.storyboard in Resources */,
			);
			runOnlyForDeploymentPostprocessing = 0;
		};
/* End PBXResourcesBuildPhase section */

/* Begin PBXSourcesBuildPhase section */
		4FDD4F201EAC8A4C00CA955B /* Sources */ = {
			isa = PBXSourcesBuildPhase;
			buildActionMask = 2147483647;
			files = (
				4FDD4F2A1EAC8A4C00CA955B /* ViewController.swift in Sources */,
				4FDD4F281EAC8A4C00CA955B /* AppDelegate.swift in Sources */,
			);
			runOnlyForDeploymentPostprocessing = 0;
		};
/* End PBXSourcesBuildPhase section */

/* Begin PBXVariantGroup section */
		4FDD4F2B1EAC8A4C00CA955B /* Main.storyboard */ = {
			isa = PBXVariantGroup;
			children = (
				4FDD4F2C1EAC8A4C00CA955B /* Base */,
			);
			name = Main.storyboard;
			sourceTree = "<group>";
		};
		4FDD4F301EAC8A4C00CA955B /* LaunchScreen.storyboard */ = {
			isa = PBXVariantGroup;
			children = (
				4FDD4F311EAC8A4C00CA955B /* Base */,
			);
			name = LaunchScreen.storyboard;
			sourceTree = "<group>";
		};
/* End PBXVariantGroup section */

/* Begin XCBuildConfiguration section */
		4FDD4F341EAC8A4C00CA955B /* Debug */ = {
			isa = XCBuildConfiguration;
			buildSettings = {
				ALWAYS_SEARCH_USER_PATHS = NO;
				CLANG_ANALYZER_NONNULL = YES;
				CLANG_ANALYZER_NUMBER_OBJECT_CONVERSION = YES_AGGRESSIVE;
				CLANG_CXX_LANGUAGE_STANDARD = "gnu++0x";
				CLANG_CXX_LIBRARY = "libc++";
				CLANG_ENABLE_MODULES = YES;
				CLANG_ENABLE_OBJC_ARC = YES;
				CLANG_WARN_BOOL_CONVERSION = YES;
				CLANG_WARN_CONSTANT_CONVERSION = YES;
				CLANG_WARN_DIRECT_OBJC_ISA_USAGE = YES_ERROR;
				CLANG_WARN_DOCUMENTATION_COMMENTS = YES;
				CLANG_WARN_EMPTY_BODY = YES;
				CLANG_WARN_ENUM_CONVERSION = YES;
				CLANG_WARN_INFINITE_RECURSION = YES;
				CLANG_WARN_INT_CONVERSION = YES;
				CLANG_WARN_OBJC_ROOT_CLASS = YES_ERROR;
				CLANG_WARN_SUSPICIOUS_MOVE = YES;
				CLANG_WARN_UNREACHABLE_CODE = YES;
				CLANG_WARN__DUPLICATE_METHOD_MATCH = YES;
				"CODE_SIGN_IDENTITY[sdk=iphoneos*]" = "iPhone Developer";
				COPY_PHASE_STRIP = NO;
				DEBUG_INFORMATION_FORMAT = dwarf;
				ENABLE_STRICT_OBJC_MSGSEND = YES;
				ENABLE_TESTABILITY = YES;
				GCC_C_LANGUAGE_STANDARD = gnu99;
				GCC_DYNAMIC_NO_PIC = NO;
				GCC_NO_COMMON_BLOCKS = YES;
				GCC_OPTIMIZATION_LEVEL = 0;
				GCC_PREPROCESSOR_DEFINITIONS = (
					"DEBUG=1",
					"$(inherited)",
				);
				GCC_WARN_64_TO_32_BIT_CONVERSION = YES;
				GCC_WARN_ABOUT_RETURN_TYPE = YES_ERROR;
				GCC_WARN_UNDECLARED_SELECTOR = YES;
				GCC_WARN_UNINITIALIZED_AUTOS = YES_AGGRESSIVE;
				GCC_WARN_UNUSED_FUNCTION = YES;
				GCC_WARN_UNUSED_VARIABLE = YES;
				IPHONEOS_DEPLOYMENT_TARGET = 10.3;
				MTL_ENABLE_DEBUG_INFO = YES;
				ONLY_ACTIVE_ARCH = YES;
				SDKROOT = iphoneos;
				SWIFT_ACTIVE_COMPILATION_CONDITIONS = DEBUG;
				SWIFT_OPTIMIZATION_LEVEL = "-Onone";
			};
			name = Debug;
		};
		4FDD4F351EAC8A4C00CA955B /* Release */ = {
			isa = XCBuildConfiguration;
			buildSettings = {
				ALWAYS_SEARCH_USER_PATHS = NO;
				CLANG_ANALYZER_NONNULL = YES;
				CLANG_ANALYZER_NUMBER_OBJECT_CONVERSION = YES_AGGRESSIVE;
				CLANG_CXX_LANGUAGE_STANDARD = "gnu++0x";
				CLANG_CXX_LIBRARY = "libc++";
				CLANG_ENABLE_MODULES = YES;
				CLANG_ENABLE_OBJC_ARC = YES;
				CLANG_WARN_BOOL_CONVERSION = YES;
				CLANG_WARN_CONSTANT_CONVERSION = YES;
				CLANG_WARN_DIRECT_OBJC_ISA_USAGE = YES_ERROR;
				CLANG_WARN_DOCUMENTATION_COMMENTS = YES;
				CLANG_WARN_EMPTY_BODY = YES;
				CLANG_WARN_ENUM_CONVERSION = YES;
				CLANG_WARN_INFINITE_RECURSION = YES;
				CLANG_WARN_INT_CONVERSION = YES;
				CLANG_WARN_OBJC_ROOT_CLASS = YES_ERROR;
				CLANG_WARN_SUSPICIOUS_MOVE = YES;
				CLANG_WARN_UNREACHABLE_CODE = YES;
				CLANG_WARN__DUPLICATE_METHOD_MATCH = YES;
				"CODE_SIGN_IDENTITY[sdk=iphoneos*]" = "iPhone Developer";
				COPY_PHASE_STRIP = NO;
				DEBUG_INFORMATION_FORMAT = "dwarf-with-dsym";
				ENABLE_NS_ASSERTIONS = NO;
				ENABLE_STRICT_OBJC_MSGSEND = YES;
				GCC_C_LANGUAGE_STANDARD = gnu99;
				GCC_NO_COMMON_BLOCKS = YES;
				GCC_WARN_64_TO_32_BIT_CONVERSION = YES;
				GCC_WARN_ABOUT_RETURN_TYPE = YES_ERROR;
				GCC_WARN_UNDECLARED_SELECTOR = YES;
				GCC_WARN_UNINITIALIZED_AUTOS = YES_AGGRESSIVE;
				GCC_WARN_UNUSED_FUNCTION = YES;
				GCC_WARN_UNUSED_VARIABLE = YES;
				IPHONEOS_DEPLOYMENT_TARGET = 10.3;
				MTL_ENABLE_DEBUG_INFO = NO;
				SDKROOT = iphoneos;
				SWIFT_OPTIMIZATION_LEVEL = "-Owholemodule";
				VALIDATE_PRODUCT = YES;
			};
			name = Release;
		};
		4FDD4F371EAC8A4C00CA955B /* Debug */ = {
			isa = XCBuildConfiguration;
			buildSettings = {
				ASSETCATALOG_COMPILER_APPICON_NAME = AppIcon;
				DEVELOPMENT_TEAM = W4X3VBHDY6;
				INFOPLIST_FILE = SwiftVideo/Info.plist;
				IPHONEOS_DEPLOYMENT_TARGET = 9.0;
				LD_RUNPATH_SEARCH_PATHS = "$(inherited) @executable_path/Frameworks";
				PRODUCT_BUNDLE_IDENTIFIER = cn.Kitty.Technology.org.DYZB;
				PRODUCT_NAME = "$(TARGET_NAME)";
				SWIFT_VERSION = 3.0;
			};
			name = Debug;
		};
		4FDD4F381EAC8A4C00CA955B /* Release */ = {
			isa = XCBuildConfiguration;
			buildSettings = {
				ASSETCATALOG_COMPILER_APPICON_NAME = AppIcon;
				DEVELOPMENT_TEAM = W4X3VBHDY6;
				INFOPLIST_FILE = SwiftVideo/Info.plist;
				IPHONEOS_DEPLOYMENT_TARGET = 9.0;
				LD_RUNPATH_SEARCH_PATHS = "$(inherited) @executable_path/Frameworks";
				PRODUCT_BUNDLE_IDENTIFIER = cn.Kitty.Technology.org.DYZB;
				PRODUCT_NAME = "$(TARGET_NAME)";
				SWIFT_VERSION = 3.0;
			};
			name = Release;
		};
/* End XCBuildConfiguration section */

/* Begin XCConfigurationList section */
		4FDD4F1F1EAC8A4C00CA955B /* Build configuration list for PBXProject "SwiftVideo" */ = {
			isa = XCConfigurationList;
			buildConfigurations = (
				4FDD4F341EAC8A4C00CA955B /* Debug */,
				4FDD4F351EAC8A4C00CA955B /* Release */,
			);
			defaultConfigurationIsVisible = 0;
			defaultConfigurationName = Release;
		};
		4FDD4F361EAC8A4C00CA955B /* Build configuration list for PBXNativeTarget "SwiftVideo" */ = {
			isa = XCConfigurationList;
			buildConfigurations = (
				4FDD4F371EAC8A4C00CA955B /* Debug */,
				4FDD4F381EAC8A4C00CA955B /* Release */,
			);
			defaultConfigurationIsVisible = 0;
		};
/* End XCConfigurationList section */
	};
	rootObject = 4FDD4F1C1EAC8A4C00CA955B /* Project object */;
}
